<?xml version="1.0" encoding="utf-8"?>
<Project ToolsVersion="4.0" xmlns="http://schemas.microsoft.com/developer/msbuild/2003">
  <ItemGroup>
    <Filter Include="Source Files">
      <UniqueIdentifier>{4FC737F1-C7A5-4376-A066-2A32D752A2FF}</UniqueIdentifier>
      <Extensions>cpp;c;cc;cxx;def;odl;idl;hpj;bat;asm;asmx</Extensions>
    </Filter>
    <Filter Include="Header Files">
      <UniqueIdentifier>{93995380-89BD-4b04-88EB-625FBE52EBFB}</UniqueIdentifier>
      <Extensions>h;hh;hpp;hxx;hm;inl;inc;ipp;xsd</Extensions>
    </Filter>
    <Filter Include="Resource Files">
      <UniqueIdentifier>{67DA6AB6-F800-4c08-8B7A-83BB121AAD01}</UniqueIdentifier>
      <Extensions>rc;ico;cur;bmp;dlg;rc2;rct;bin;rgs;gif;jpg;jpeg;jpe;resx;tiff;tif;png;wav;mfcribbon-ms</Extensions>
    </Filter>
  </ItemGroup>
  <ItemGroup>
    <ClCompile Include="Source\SandboxApplication.cpp">
      <Filter>Source Files</Filter>
    </ClCompile>
    <ClCompile Include="Source\Content\Wall.cpp">
      <Filter>Source Files</Filter>
    </ClCompile>
    <ClCompile Include="Source\Content\WorldObjects\MeshWorldObject.cpp">
      <Filter>Source Files</Filter>
    </ClCompile>
    <ClCompile Include="Source\Content\Crate.cpp">
      <Filter>Source Files</Filter>
    </ClCompile>
    <ClCompile Include="Source\Content\Layers\Example Layer.cpp">
      <Filter>Source Files</Filter>
    </ClCompile>
    <ClCompile Include="Source\Content\Layers\AGDLayer.cpp">
      <Filter>Source Files</Filter>
    </ClCompile>
    <ClCompile Include="Source\Content\WorldObjects\ExampleWorldObject.cpp">
      <Filter>Source Files</Filter>
    </ClCompile>
    <ClCompile Include="Source\Content\WorldObjects\PlayerPlane.cpp">
      <Filter>Source Files</Filter>
    </ClCompile>
    <ClCompile Include="Source\Content\OpenCVTesting.cpp">
      <Filter>Source Files</Filter>
    </ClCompile>
    <ClCompile Include="Source\Content\OpenCV\OpenCVTracker.cpp">
      <Filter>Source Files</Filter>
    </ClCompile>
  </ItemGroup>
  <ItemGroup>
    <ClInclude Include="Source\Content\Wall.h">
      <Filter>Header Files</Filter>
    </ClInclude>
    <ClInclude Include="Source\Content\WorldObjects\MeshWorldObject.h">
      <Filter>Header Files</Filter>
    </ClInclude>
    <ClInclude Include="Source\Content\Crate.h">
      <Filter>Header Files</Filter>
    </ClInclude>
    <ClInclude Include="Source\Content\Layers\Example Layer.h">
      <Filter>Header Files</Filter>
    </ClInclude>
    <ClInclude Include="Source\Content\Layers\AGDLayer.h">
      <Filter>Header Files</Filter>
    </ClInclude>
    <ClInclude Include="Source\Content\WorldObjects\ExampleWorldObject.h">
      <Filter>Header Files</Filter>
    </ClInclude>
    <ClInclude Include="Source\Content\WorldObjects\PlayerPlane.h">
      <Filter>Header Files</Filter>
    </ClInclude>
    <ClInclude Include="Source\Content\OpenCVTesting.h">
      <Filter>Header Files</Filter>
    </ClInclude>
    <ClInclude Include="Source\Content\OpenCV\OpenCVTracker.h">
      <Filter>Header Files</Filter>
    </ClInclude>
  </ItemGroup>
</Project>